// !$*UTF8*$!
{
	archiveVersion = 1;
	classes = {
	};
	objectVersion = 46;
	objects = {

/* Begin PBXBuildFile section */
		631E45421A84D85100DC656A /* MedalCollection.swift in Sources */ = {isa = PBXBuildFile; fileRef = 631E45411A84D85100DC656A /* MedalCollection.swift */; };
		631E45431A84DC7100DC656A /* MedalCollection.swift in Sources */ = {isa = PBXBuildFile; fileRef = 631E45411A84D85100DC656A /* MedalCollection.swift */; };
		6356CAFF1A7F7A4800A0AE6E /* AppDelegate.swift in Sources */ = {isa = PBXBuildFile; fileRef = 6356CAFE1A7F7A4800A0AE6E /* AppDelegate.swift */; };
		6356CB011A7F7A4800A0AE6E /* GameScene.sks in Resources */ = {isa = PBXBuildFile; fileRef = 6356CB001A7F7A4800A0AE6E /* GameScene.sks */; };
		6356CB031A7F7A4800A0AE6E /* GameScene.swift in Sources */ = {isa = PBXBuildFile; fileRef = 6356CB021A7F7A4800A0AE6E /* GameScene.swift */; };
		6356CB051A7F7A4800A0AE6E /* GameViewController.swift in Sources */ = {isa = PBXBuildFile; fileRef = 6356CB041A7F7A4800A0AE6E /* GameViewController.swift */; };
		6356CB081A7F7A4800A0AE6E /* Main.storyboard in Resources */ = {isa = PBXBuildFile; fileRef = 6356CB061A7F7A4800A0AE6E /* Main.storyboard */; };
		6356CB0D1A7F7A4800A0AE6E /* LaunchScreen.xib in Resources */ = {isa = PBXBuildFile; fileRef = 6356CB0B1A7F7A4800A0AE6E /* LaunchScreen.xib */; };
		6356CB261A7F7CB700A0AE6E /* Game.swift in Sources */ = {isa = PBXBuildFile; fileRef = 6356CB251A7F7CB700A0AE6E /* Game.swift */; };
		6356CB281A7F7CC900A0AE6E /* Medal.swift in Sources */ = {isa = PBXBuildFile; fileRef = 6356CB271A7F7CC900A0AE6E /* Medal.swift */; };
		6356CB2A1A7F7CF000A0AE6E /* MedalSet.swift in Sources */ = {isa = PBXBuildFile; fileRef = 6356CB291A7F7CF000A0AE6E /* MedalSet.swift */; };
		6356CB2C1A7F7D8000A0AE6E /* MedalType.swift in Sources */ = {isa = PBXBuildFile; fileRef = 6356CB2B1A7F7D8000A0AE6E /* MedalType.swift */; };
		6356CB2E1A7F7E4400A0AE6E /* MedalFamily.swift in Sources */ = {isa = PBXBuildFile; fileRef = 6356CB2D1A7F7E4400A0AE6E /* MedalFamily.swift */; };
		6356CB311A7F827A00A0AE6E /* Extensions.swift in Sources */ = {isa = PBXBuildFile; fileRef = 6356CB301A7F827A00A0AE6E /* Extensions.swift */; };
		6356CB351A7F838000A0AE6E /* Data in Resources */ = {isa = PBXBuildFile; fileRef = 6356CB341A7F838000A0AE6E /* Data */; };
		6356CB381A7F893000A0AE6E /* Game.swift in Sources */ = {isa = PBXBuildFile; fileRef = 6356CB251A7F7CB700A0AE6E /* Game.swift */; };
		6356CB391A7F893400A0AE6E /* Medal.swift in Sources */ = {isa = PBXBuildFile; fileRef = 6356CB271A7F7CC900A0AE6E /* Medal.swift */; };
		6356CB3A1A7F893700A0AE6E /* MedalSet.swift in Sources */ = {isa = PBXBuildFile; fileRef = 6356CB291A7F7CF000A0AE6E /* MedalSet.swift */; };
		6356CB3B1A7F893B00A0AE6E /* MedalType.swift in Sources */ = {isa = PBXBuildFile; fileRef = 6356CB2B1A7F7D8000A0AE6E /* MedalType.swift */; };
		6356CB3C1A7F893F00A0AE6E /* MedalFamily.swift in Sources */ = {isa = PBXBuildFile; fileRef = 6356CB2D1A7F7E4400A0AE6E /* MedalFamily.swift */; };
		6356CB3D1A7F897800A0AE6E /* Extensions.swift in Sources */ = {isa = PBXBuildFile; fileRef = 6356CB301A7F827A00A0AE6E /* Extensions.swift */; };
		6356CB3F1A7F8BA700A0AE6E /* MedalCollectionTests.swift in Sources */ = {isa = PBXBuildFile; fileRef = 6356CB3E1A7F8BA700A0AE6E /* MedalCollectionTests.swift */; };
		6356CB411A7F9BDD00A0AE6E /* MedalTests.swift in Sources */ = {isa = PBXBuildFile; fileRef = 6356CB401A7F9BDD00A0AE6E /* MedalTests.swift */; };
		6360B41F1A822498005D25FE /* assets.atlas in Resources */ = {isa = PBXBuildFile; fileRef = 6360B41E1A822498005D25FE /* assets.atlas */; };
		639C126E1A8A1435006F6EB8 /* MedalMiniNode.swift in Sources */ = {isa = PBXBuildFile; fileRef = 639C126D1A8A1434006F6EB8 /* MedalMiniNode.swift */; };
		639C12701A8A217C006F6EB8 /* Assortment.swift in Sources */ = {isa = PBXBuildFile; fileRef = 639C126F1A8A217C006F6EB8 /* Assortment.swift */; };
		63D73FA51A80E34600957023 /* LotteryTests.swift in Sources */ = {isa = PBXBuildFile; fileRef = 63D73FA41A80E34600957023 /* LotteryTests.swift */; };
		63D73FA61A80E3B400957023 /* Lottery.swift in Sources */ = {isa = PBXBuildFile; fileRef = 63DFD13B1A80D3E000C09424 /* Lottery.swift */; };
		63DEC15B1A85C6350099EE38 /* MedalNode.swift in Sources */ = {isa = PBXBuildFile; fileRef = 63DEC15A1A85C6350099EE38 /* MedalNode.swift */; };
		63DEC15D1A86E75F0099EE38 /* MedalCollectionNode.swift in Sources */ = {isa = PBXBuildFile; fileRef = 63DEC15C1A86E75F0099EE38 /* MedalCollectionNode.swift */; };
		63DFD13A1A80D1E100C09424 /* Images.xcassets in Resources */ = {isa = PBXBuildFile; fileRef = 63DFD1391A80D1E100C09424 /* Images.xcassets */; };
		63DFD13C1A80D3E000C09424 /* Lottery.swift in Sources */ = {isa = PBXBuildFile; fileRef = 63DFD13B1A80D3E000C09424 /* Lottery.swift */; };
		D8C51E28CD5996630798E4D4 /* libPods.a in Frameworks */ = {isa = PBXBuildFile; fileRef = A340B85FAE6E15436AF4C17E /* libPods.a */; };
		F776C875A560B818413527DD /* libPods.a in Frameworks */ = {isa = PBXBuildFile; fileRef = A340B85FAE6E15436AF4C17E /* libPods.a */; };
/* End PBXBuildFile section */

/* Begin PBXContainerItemProxy section */
		6356CB131A7F7A4900A0AE6E /* PBXContainerItemProxy */ = {
			isa = PBXContainerItemProxy;
			containerPortal = 6356CAF11A7F7A4800A0AE6E /* Project object */;
			proxyType = 1;
			remoteGlobalIDString = 6356CAF81A7F7A4800A0AE6E;
			remoteInfo = MedalConcierge;
		};
/* End PBXContainerItemProxy section */

/* Begin PBXFileReference section */
		631E45411A84D85100DC656A /* MedalCollection.swift */ = {isa = PBXFileReference; fileEncoding = 4; lastKnownFileType = sourcecode.swift; path = MedalCollection.swift; sourceTree = "<group>"; };
		6356CAF91A7F7A4800A0AE6E /* MedalConcierge.app */ = {isa = PBXFileReference; explicitFileType = wrapper.application; includeInIndex = 0; path = MedalConcierge.app; sourceTree = BUILT_PRODUCTS_DIR; };
		6356CAFD1A7F7A4800A0AE6E /* Info.plist */ = {isa = PBXFileReference; lastKnownFileType = text.plist.xml; path = Info.plist; sourceTree = "<group>"; };
		6356CAFE1A7F7A4800A0AE6E /* AppDelegate.swift */ = {isa = PBXFileReference; lastKnownFileType = sourcecode.swift; path = AppDelegate.swift; sourceTree = "<group>"; };
		6356CB001A7F7A4800A0AE6E /* GameScene.sks */ = {isa = PBXFileReference; lastKnownFileType = file.sks; path = GameScene.sks; sourceTree = "<group>"; };
		6356CB021A7F7A4800A0AE6E /* GameScene.swift */ = {isa = PBXFileReference; lastKnownFileType = sourcecode.swift; path = GameScene.swift; sourceTree = "<group>"; };
		6356CB041A7F7A4800A0AE6E /* GameViewController.swift */ = {isa = PBXFileReference; lastKnownFileType = sourcecode.swift; path = GameViewController.swift; sourceTree = "<group>"; };
		6356CB071A7F7A4800A0AE6E /* Base */ = {isa = PBXFileReference; lastKnownFileType = file.storyboard; name = Base; path = Base.lproj/Main.storyboard; sourceTree = "<group>"; };
		6356CB0C1A7F7A4800A0AE6E /* Base */ = {isa = PBXFileReference; lastKnownFileType = file.xib; name = Base; path = Base.lproj/LaunchScreen.xib; sourceTree = "<group>"; };
		6356CB121A7F7A4900A0AE6E /* MedalConciergeTests.xctest */ = {isa = PBXFileReference; explicitFileType = wrapper.cfbundle; includeInIndex = 0; path = MedalConciergeTests.xctest; sourceTree = BUILT_PRODUCTS_DIR; };
		6356CB171A7F7A4900A0AE6E /* Info.plist */ = {isa = PBXFileReference; lastKnownFileType = text.plist.xml; path = Info.plist; sourceTree = "<group>"; };
		6356CB251A7F7CB700A0AE6E /* Game.swift */ = {isa = PBXFileReference; fileEncoding = 4; lastKnownFileType = sourcecode.swift; path = Game.swift; sourceTree = "<group>"; };
		6356CB271A7F7CC900A0AE6E /* Medal.swift */ = {isa = PBXFileReference; fileEncoding = 4; lastKnownFileType = sourcecode.swift; path = Medal.swift; sourceTree = "<group>"; };
		6356CB291A7F7CF000A0AE6E /* MedalSet.swift */ = {isa = PBXFileReference; fileEncoding = 4; lastKnownFileType = sourcecode.swift; path = MedalSet.swift; sourceTree = "<group>"; };
		6356CB2B1A7F7D8000A0AE6E /* MedalType.swift */ = {isa = PBXFileReference; fileEncoding = 4; lastKnownFileType = sourcecode.swift; path = MedalType.swift; sourceTree = "<group>"; };
		6356CB2D1A7F7E4400A0AE6E /* MedalFamily.swift */ = {isa = PBXFileReference; fileEncoding = 4; lastKnownFileType = sourcecode.swift; path = MedalFamily.swift; sourceTree = "<group>"; };
		6356CB301A7F827A00A0AE6E /* Extensions.swift */ = {isa = PBXFileReference; fileEncoding = 4; lastKnownFileType = sourcecode.swift; path = Extensions.swift; sourceTree = "<group>"; };
		6356CB341A7F838000A0AE6E /* Data */ = {isa = PBXFileReference; lastKnownFileType = folder; path = Data; sourceTree = "<group>"; };
		6356CB3E1A7F8BA700A0AE6E /* MedalCollectionTests.swift */ = {isa = PBXFileReference; fileEncoding = 4; lastKnownFileType = sourcecode.swift; path = MedalCollectionTests.swift; sourceTree = "<group>"; };
		6356CB401A7F9BDD00A0AE6E /* MedalTests.swift */ = {isa = PBXFileReference; fileEncoding = 4; lastKnownFileType = sourcecode.swift; path = MedalTests.swift; sourceTree = "<group>"; };
		6360B41E1A822498005D25FE /* assets.atlas */ = {isa = PBXFileReference; lastKnownFileType = folder.skatlas; path = assets.atlas; sourceTree = "<group>"; };
		637CCE7E1A822DA100F2E221 /* MedalConcierge-Bridging-Header.h */ = {isa = PBXFileReference; lastKnownFileType = sourcecode.c.h; path = "MedalConcierge-Bridging-Header.h"; sourceTree = "<group>"; };
		639C126D1A8A1434006F6EB8 /* MedalMiniNode.swift */ = {isa = PBXFileReference; fileEncoding = 4; lastKnownFileType = sourcecode.swift; path = MedalMiniNode.swift; sourceTree = "<group>"; };
		639C126F1A8A217C006F6EB8 /* Assortment.swift */ = {isa = PBXFileReference; fileEncoding = 4; lastKnownFileType = sourcecode.swift; path = Assortment.swift; sourceTree = "<group>"; };
		63D73FA41A80E34600957023 /* LotteryTests.swift */ = {isa = PBXFileReference; fileEncoding = 4; lastKnownFileType = sourcecode.swift; path = LotteryTests.swift; sourceTree = "<group>"; };
		63DEC15A1A85C6350099EE38 /* MedalNode.swift */ = {isa = PBXFileReference; fileEncoding = 4; lastKnownFileType = sourcecode.swift; path = MedalNode.swift; sourceTree = "<group>"; };
		63DEC15C1A86E75F0099EE38 /* MedalCollectionNode.swift */ = {isa = PBXFileReference; fileEncoding = 4; lastKnownFileType = sourcecode.swift; path = MedalCollectionNode.swift; sourceTree = "<group>"; };
		63DFD1391A80D1E100C09424 /* Images.xcassets */ = {isa = PBXFileReference; lastKnownFileType = folder.assetcatalog; path = Images.xcassets; sourceTree = "<group>"; };
		63DFD13B1A80D3E000C09424 /* Lottery.swift */ = {isa = PBXFileReference; fileEncoding = 4; lastKnownFileType = sourcecode.swift; path = Lottery.swift; sourceTree = "<group>"; };
		A340B85FAE6E15436AF4C17E /* libPods.a */ = {isa = PBXFileReference; explicitFileType = archive.ar; includeInIndex = 0; path = libPods.a; sourceTree = BUILT_PRODUCTS_DIR; };
		CA894D0ABFA71BD53BEEC668 /* Pods.debug.xcconfig */ = {isa = PBXFileReference; includeInIndex = 1; lastKnownFileType = text.xcconfig; name = Pods.debug.xcconfig; path = "Pods/Target Support Files/Pods/Pods.debug.xcconfig"; sourceTree = "<group>"; };
		E04DFC224FED1CCB80020B05 /* Pods.release.xcconfig */ = {isa = PBXFileReference; includeInIndex = 1; lastKnownFileType = text.xcconfig; name = Pods.release.xcconfig; path = "Pods/Target Support Files/Pods/Pods.release.xcconfig"; sourceTree = "<group>"; };
/* End PBXFileReference section */

/* Begin PBXFrameworksBuildPhase section */
		6356CAF61A7F7A4800A0AE6E /* Frameworks */ = {
			isa = PBXFrameworksBuildPhase;
			buildActionMask = 2147483647;
			files = (
				F776C875A560B818413527DD /* libPods.a in Frameworks */,
			);
			runOnlyForDeploymentPostprocessing = 0;
		};
		6356CB0F1A7F7A4900A0AE6E /* Frameworks */ = {
			isa = PBXFrameworksBuildPhase;
			buildActionMask = 2147483647;
			files = (
				D8C51E28CD5996630798E4D4 /* libPods.a in Frameworks */,
			);
			runOnlyForDeploymentPostprocessing = 0;
		};
/* End PBXFrameworksBuildPhase section */

/* Begin PBXGroup section */
		6356CAF01A7F7A4800A0AE6E = {
			isa = PBXGroup;
			children = (
				6356CAFB1A7F7A4800A0AE6E /* MedalConcierge */,
				6356CB151A7F7A4900A0AE6E /* MedalConciergeTests */,
				6356CAFA1A7F7A4800A0AE6E /* Products */,
				8FB189C9124C5D3550AD9FC8 /* Pods */,
				75BE6D95122D6A7E7BECFDD4 /* Frameworks */,
			);
			sourceTree = "<group>";
		};
		6356CAFA1A7F7A4800A0AE6E /* Products */ = {
			isa = PBXGroup;
			children = (
				6356CAF91A7F7A4800A0AE6E /* MedalConcierge.app */,
				6356CB121A7F7A4900A0AE6E /* MedalConciergeTests.xctest */,
			);
			name = Products;
			sourceTree = "<group>";
		};
		6356CAFB1A7F7A4800A0AE6E /* MedalConcierge */ = {
			isa = PBXGroup;
			children = (
				63DEC1591A85C6010099EE38 /* Node */,
				63DEC1581A85C5DD0099EE38 /* Scene */,
				6356CB231A7F7C2700A0AE6E /* View */,
				6356CB241A7F7C4200A0AE6E /* Controller */,
				6356CB221A7F7C1D00A0AE6E /* Model */,
				6356CB2F1A7F825800A0AE6E /* Utils */,
				6356CB341A7F838000A0AE6E /* Data */,
				63DFD1391A80D1E100C09424 /* Images.xcassets */,
				6360B41E1A822498005D25FE /* assets.atlas */,
				6356CAFC1A7F7A4800A0AE6E /* Supporting Files */,
			);
			path = MedalConcierge;
			sourceTree = "<group>";
		};
		6356CAFC1A7F7A4800A0AE6E /* Supporting Files */ = {
			isa = PBXGroup;
			children = (
				6356CAFE1A7F7A4800A0AE6E /* AppDelegate.swift */,
				6356CAFD1A7F7A4800A0AE6E /* Info.plist */,
				637CCE7E1A822DA100F2E221 /* MedalConcierge-Bridging-Header.h */,
			);
			name = "Supporting Files";
			sourceTree = "<group>";
		};
		6356CB151A7F7A4900A0AE6E /* MedalConciergeTests */ = {
			isa = PBXGroup;
			children = (
				63D73FA41A80E34600957023 /* LotteryTests.swift */,
				6356CB401A7F9BDD00A0AE6E /* MedalTests.swift */,
				6356CB3E1A7F8BA700A0AE6E /* MedalCollectionTests.swift */,
				6356CB161A7F7A4900A0AE6E /* Supporting Files */,
			);
			path = MedalConciergeTests;
			sourceTree = "<group>";
		};
		6356CB161A7F7A4900A0AE6E /* Supporting Files */ = {
			isa = PBXGroup;
			children = (
				6356CB171A7F7A4900A0AE6E /* Info.plist */,
			);
			name = "Supporting Files";
			sourceTree = "<group>";
		};
		6356CB221A7F7C1D00A0AE6E /* Model */ = {
			isa = PBXGroup;
			children = (
				6356CB251A7F7CB700A0AE6E /* Game.swift */,
				6356CB271A7F7CC900A0AE6E /* Medal.swift */,
				6356CB291A7F7CF000A0AE6E /* MedalSet.swift */,
				6356CB2B1A7F7D8000A0AE6E /* MedalType.swift */,
				6356CB2D1A7F7E4400A0AE6E /* MedalFamily.swift */,
				63DFD13B1A80D3E000C09424 /* Lottery.swift */,
				631E45411A84D85100DC656A /* MedalCollection.swift */,
				639C126F1A8A217C006F6EB8 /* Assortment.swift */,
			);
			name = Model;
			sourceTree = "<group>";
		};
		6356CB231A7F7C2700A0AE6E /* View */ = {
			isa = PBXGroup;
			children = (
				6356CB0B1A7F7A4800A0AE6E /* LaunchScreen.xib */,
				6356CB061A7F7A4800A0AE6E /* Main.storyboard */,
			);
			name = View;
			sourceTree = "<group>";
		};
		6356CB241A7F7C4200A0AE6E /* Controller */ = {
			isa = PBXGroup;
			children = (
				6356CB041A7F7A4800A0AE6E /* GameViewController.swift */,
			);
			name = Controller;
			sourceTree = "<group>";
		};
		6356CB2F1A7F825800A0AE6E /* Utils */ = {
			isa = PBXGroup;
			children = (
				6356CB301A7F827A00A0AE6E /* Extensions.swift */,
			);
			name = Utils;
			sourceTree = "<group>";
		};
		63DEC1581A85C5DD0099EE38 /* Scene */ = {
			isa = PBXGroup;
			children = (
				6356CB001A7F7A4800A0AE6E /* GameScene.sks */,
				6356CB021A7F7A4800A0AE6E /* GameScene.swift */,
			);
			name = Scene;
			sourceTree = "<group>";
		};
		63DEC1591A85C6010099EE38 /* Node */ = {
			isa = PBXGroup;
			children = (
				63DEC15A1A85C6350099EE38 /* MedalNode.swift */,
				63DEC15C1A86E75F0099EE38 /* MedalCollectionNode.swift */,
				639C126D1A8A1434006F6EB8 /* MedalMiniNode.swift */,
			);
			name = Node;
			sourceTree = "<group>";
		};
		75BE6D95122D6A7E7BECFDD4 /* Frameworks */ = {
			isa = PBXGroup;
			children = (
				A340B85FAE6E15436AF4C17E /* libPods.a */,
			);
			name = Frameworks;
			sourceTree = "<group>";
		};
		8FB189C9124C5D3550AD9FC8 /* Pods */ = {
			isa = PBXGroup;
			children = (
				CA894D0ABFA71BD53BEEC668 /* Pods.debug.xcconfig */,
				E04DFC224FED1CCB80020B05 /* Pods.release.xcconfig */,
			);
			name = Pods;
			sourceTree = "<group>";
		};
/* End PBXGroup section */

/* Begin PBXNativeTarget section */
		6356CAF81A7F7A4800A0AE6E /* MedalConcierge */ = {
			isa = PBXNativeTarget;
			buildConfigurationList = 6356CB1C1A7F7A4900A0AE6E /* Build configuration list for PBXNativeTarget "MedalConcierge" */;
			buildPhases = (
				E40073E53D4123747560B848 /* Check Pods Manifest.lock */,
				6356CAF51A7F7A4800A0AE6E /* Sources */,
				6356CAF61A7F7A4800A0AE6E /* Frameworks */,
				6356CAF71A7F7A4800A0AE6E /* Resources */,
				FF56048CA3FCB977FFE05563 /* Copy Pods Resources */,
			);
			buildRules = (
			);
			dependencies = (
			);
			name = MedalConcierge;
			productName = MedalConcierge;
			productReference = 6356CAF91A7F7A4800A0AE6E /* MedalConcierge.app */;
			productType = "com.apple.product-type.application";
		};
		6356CB111A7F7A4900A0AE6E /* MedalConciergeTests */ = {
			isa = PBXNativeTarget;
			buildConfigurationList = 6356CB1F1A7F7A4900A0AE6E /* Build configuration list for PBXNativeTarget "MedalConciergeTests" */;
			buildPhases = (
				B5113228AAE3A8CEF5486A90 /* Check Pods Manifest.lock */,
				6356CB0E1A7F7A4900A0AE6E /* Sources */,
				6356CB0F1A7F7A4900A0AE6E /* Frameworks */,
				6356CB101A7F7A4900A0AE6E /* Resources */,
				BC65C50EBA03B72F00459DC2 /* Copy Pods Resources */,
			);
			buildRules = (
			);
			dependencies = (
				6356CB141A7F7A4900A0AE6E /* PBXTargetDependency */,
			);
			name = MedalConciergeTests;
			productName = MedalConciergeTests;
			productReference = 6356CB121A7F7A4900A0AE6E /* MedalConciergeTests.xctest */;
			productType = "com.apple.product-type.bundle.unit-test";
		};
/* End PBXNativeTarget section */

/* Begin PBXProject section */
		6356CAF11A7F7A4800A0AE6E /* Project object */ = {
			isa = PBXProject;
			attributes = {
				LastUpgradeCheck = 0610;
				ORGANIZATIONNAME = Apurune;
				TargetAttributes = {
					6356CAF81A7F7A4800A0AE6E = {
						CreatedOnToolsVersion = 6.1.1;
					};
					6356CB111A7F7A4900A0AE6E = {
						CreatedOnToolsVersion = 6.1.1;
						TestTargetID = 6356CAF81A7F7A4800A0AE6E;
					};
				};
			};
			buildConfigurationList = 6356CAF41A7F7A4800A0AE6E /* Build configuration list for PBXProject "MedalConcierge" */;
			compatibilityVersion = "Xcode 3.2";
			developmentRegion = English;
			hasScannedForEncodings = 0;
			knownRegions = (
				en,
				Base,
			);
			mainGroup = 6356CAF01A7F7A4800A0AE6E;
			productRefGroup = 6356CAFA1A7F7A4800A0AE6E /* Products */;
			projectDirPath = "";
			projectRoot = "";
			targets = (
				6356CAF81A7F7A4800A0AE6E /* MedalConcierge */,
				6356CB111A7F7A4900A0AE6E /* MedalConciergeTests */,
			);
		};
/* End PBXProject section */

/* Begin PBXResourcesBuildPhase section */
		6356CAF71A7F7A4800A0AE6E /* Resources */ = {
			isa = PBXResourcesBuildPhase;
			buildActionMask = 2147483647;
			files = (
				6356CB0D1A7F7A4800A0AE6E /* LaunchScreen.xib in Resources */,
				63DFD13A1A80D1E100C09424 /* Images.xcassets in Resources */,
				6360B41F1A822498005D25FE /* assets.atlas in Resources */,
				6356CB351A7F838000A0AE6E /* Data in Resources */,
				6356CB011A7F7A4800A0AE6E /* GameScene.sks in Resources */,
				6356CB081A7F7A4800A0AE6E /* Main.storyboard in Resources */,
			);
			runOnlyForDeploymentPostprocessing = 0;
		};
		6356CB101A7F7A4900A0AE6E /* Resources */ = {
			isa = PBXResourcesBuildPhase;
			buildActionMask = 2147483647;
			files = (
			);
			runOnlyForDeploymentPostprocessing = 0;
		};
/* End PBXResourcesBuildPhase section */

/* Begin PBXShellScriptBuildPhase section */
		B5113228AAE3A8CEF5486A90 /* Check Pods Manifest.lock */ = {
			isa = PBXShellScriptBuildPhase;
			buildActionMask = 2147483647;
			files = (
			);
			inputPaths = (
			);
			name = "Check Pods Manifest.lock";
			outputPaths = (
			);
			runOnlyForDeploymentPostprocessing = 0;
			shellPath = /bin/sh;
			shellScript = "diff \"${PODS_ROOT}/../Podfile.lock\" \"${PODS_ROOT}/Manifest.lock\" > /dev/null\nif [[ $? != 0 ]] ; then\n    cat << EOM\nerror: The sandbox is not in sync with the Podfile.lock. Run 'pod install' or update your CocoaPods installation.\nEOM\n    exit 1\nfi\n";
			showEnvVarsInLog = 0;
		};
		BC65C50EBA03B72F00459DC2 /* Copy Pods Resources */ = {
			isa = PBXShellScriptBuildPhase;
			buildActionMask = 2147483647;
			files = (
			);
			inputPaths = (
			);
			name = "Copy Pods Resources";
			outputPaths = (
			);
			runOnlyForDeploymentPostprocessing = 0;
			shellPath = /bin/sh;
			shellScript = "\"${SRCROOT}/Pods/Target Support Files/Pods/Pods-resources.sh\"\n";
			showEnvVarsInLog = 0;
		};
		E40073E53D4123747560B848 /* Check Pods Manifest.lock */ = {
			isa = PBXShellScriptBuildPhase;
			buildActionMask = 2147483647;
			files = (
			);
			inputPaths = (
			);
			name = "Check Pods Manifest.lock";
			outputPaths = (
			);
			runOnlyForDeploymentPostprocessing = 0;
			shellPath = /bin/sh;
			shellScript = "diff \"${PODS_ROOT}/../Podfile.lock\" \"${PODS_ROOT}/Manifest.lock\" > /dev/null\nif [[ $? != 0 ]] ; then\n    cat << EOM\nerror: The sandbox is not in sync with the Podfile.lock. Run 'pod install' or update your CocoaPods installation.\nEOM\n    exit 1\nfi\n";
			showEnvVarsInLog = 0;
		};
		FF56048CA3FCB977FFE05563 /* Copy Pods Resources */ = {
			isa = PBXShellScriptBuildPhase;
			buildActionMask = 2147483647;
			files = (
			);
			inputPaths = (
			);
			name = "Copy Pods Resources";
			outputPaths = (
			);
			runOnlyForDeploymentPostprocessing = 0;
			shellPath = /bin/sh;
			shellScript = "\"${SRCROOT}/Pods/Target Support Files/Pods/Pods-resources.sh\"\n";
			showEnvVarsInLog = 0;
		};
/* End PBXShellScriptBuildPhase section */

/* Begin PBXSourcesBuildPhase section */
		6356CAF51A7F7A4800A0AE6E /* Sources */ = {
			isa = PBXSourcesBuildPhase;
			buildActionMask = 2147483647;
			files = (
				6356CB281A7F7CC900A0AE6E /* Medal.swift in Sources */,
				631E45421A84D85100DC656A /* MedalCollection.swift in Sources */,
				6356CB311A7F827A00A0AE6E /* Extensions.swift in Sources */,
				6356CB2E1A7F7E4400A0AE6E /* MedalFamily.swift in Sources */,
				639C126E1A8A1435006F6EB8 /* MedalMiniNode.swift in Sources */,
				63DFD13C1A80D3E000C09424 /* Lottery.swift in Sources */,
				63DEC15D1A86E75F0099EE38 /* MedalCollectionNode.swift in Sources */,
				6356CB2C1A7F7D8000A0AE6E /* MedalType.swift in Sources */,
				639C12701A8A217C006F6EB8 /* Assortment.swift in Sources */,
				6356CB031A7F7A4800A0AE6E /* GameScene.swift in Sources */,
				63DEC15B1A85C6350099EE38 /* MedalNode.swift in Sources */,
				6356CB051A7F7A4800A0AE6E /* GameViewController.swift in Sources */,
				6356CAFF1A7F7A4800A0AE6E /* AppDelegate.swift in Sources */,
				6356CB261A7F7CB700A0AE6E /* Game.swift in Sources */,
				6356CB2A1A7F7CF000A0AE6E /* MedalSet.swift in Sources */,
			);
			runOnlyForDeploymentPostprocessing = 0;
		};
		6356CB0E1A7F7A4900A0AE6E /* Sources */ = {
			isa = PBXSourcesBuildPhase;
			buildActionMask = 2147483647;
			files = (
				6356CB3B1A7F893B00A0AE6E /* MedalType.swift in Sources */,
				631E45431A84DC7100DC656A /* MedalCollection.swift in Sources */,
				6356CB381A7F893000A0AE6E /* Game.swift in Sources */,
				6356CB3C1A7F893F00A0AE6E /* MedalFamily.swift in Sources */,
				63D73FA61A80E3B400957023 /* Lottery.swift in Sources */,
				6356CB411A7F9BDD00A0AE6E /* MedalTests.swift in Sources */,
				6356CB391A7F893400A0AE6E /* Medal.swift in Sources */,
				63D73FA51A80E34600957023 /* LotteryTests.swift in Sources */,
				6356CB3A1A7F893700A0AE6E /* MedalSet.swift in Sources */,
				6356CB3D1A7F897800A0AE6E /* Extensions.swift in Sources */,
				6356CB3F1A7F8BA700A0AE6E /* MedalCollectionTests.swift in Sources */,
			);
			runOnlyForDeploymentPostprocessing = 0;
		};
/* End PBXSourcesBuildPhase section */

/* Begin PBXTargetDependency section */
		6356CB141A7F7A4900A0AE6E /* PBXTargetDependency */ = {
			isa = PBXTargetDependency;
			target = 6356CAF81A7F7A4800A0AE6E /* MedalConcierge */;
			targetProxy = 6356CB131A7F7A4900A0AE6E /* PBXContainerItemProxy */;
		};
/* End PBXTargetDependency section */

/* Begin PBXVariantGroup section */
		6356CB061A7F7A4800A0AE6E /* Main.storyboard */ = {
			isa = PBXVariantGroup;
			children = (
				6356CB071A7F7A4800A0AE6E /* Base */,
			);
			name = Main.storyboard;
			sourceTree = "<group>";
		};
		6356CB0B1A7F7A4800A0AE6E /* LaunchScreen.xib */ = {
			isa = PBXVariantGroup;
			children = (
				6356CB0C1A7F7A4800A0AE6E /* Base */,
			);
			name = LaunchScreen.xib;
			sourceTree = "<group>";
		};
/* End PBXVariantGroup section */

/* Begin XCBuildConfiguration section */
		6356CB1A1A7F7A4900A0AE6E /* Debug */ = {
			isa = XCBuildConfiguration;
			buildSettings = {
				ALWAYS_SEARCH_USER_PATHS = NO;
				CLANG_CXX_LANGUAGE_STANDARD = "gnu++0x";
				CLANG_CXX_LIBRARY = "libc++";
				CLANG_ENABLE_MODULES = YES;
				CLANG_ENABLE_OBJC_ARC = YES;
				CLANG_WARN_BOOL_CONVERSION = YES;
				CLANG_WARN_CONSTANT_CONVERSION = YES;
				CLANG_WARN_DIRECT_OBJC_ISA_USAGE = YES_ERROR;
				CLANG_WARN_EMPTY_BODY = YES;
				CLANG_WARN_ENUM_CONVERSION = YES;
				CLANG_WARN_INT_CONVERSION = YES;
				CLANG_WARN_OBJC_ROOT_CLASS = YES_ERROR;
				CLANG_WARN_UNREACHABLE_CODE = YES;
				CLANG_WARN__DUPLICATE_METHOD_MATCH = YES;
				"CODE_SIGN_IDENTITY[sdk=iphoneos*]" = "iPhone Developer";
				COPY_PHASE_STRIP = NO;
				ENABLE_STRICT_OBJC_MSGSEND = YES;
				GCC_C_LANGUAGE_STANDARD = gnu99;
				GCC_DYNAMIC_NO_PIC = NO;
				GCC_OPTIMIZATION_LEVEL = 0;
				GCC_PREPROCESSOR_DEFINITIONS = (
					"DEBUG=1",
					"$(inherited)",
				);
				GCC_SYMBOLS_PRIVATE_EXTERN = NO;
				GCC_WARN_64_TO_32_BIT_CONVERSION = YES;
				GCC_WARN_ABOUT_RETURN_TYPE = YES_ERROR;
				GCC_WARN_UNDECLARED_SELECTOR = YES;
				GCC_WARN_UNINITIALIZED_AUTOS = YES_AGGRESSIVE;
				GCC_WARN_UNUSED_FUNCTION = YES;
				GCC_WARN_UNUSED_VARIABLE = YES;
				IPHONEOS_DEPLOYMENT_TARGET = 8.1;
				MTL_ENABLE_DEBUG_INFO = YES;
				ONLY_ACTIVE_ARCH = YES;
				SDKROOT = iphoneos;
				SWIFT_OPTIMIZATION_LEVEL = "-Onone";
				TARGETED_DEVICE_FAMILY = "1,2";
			};
			name = Debug;
		};
		6356CB1B1A7F7A4900A0AE6E /* Release */ = {
			isa = XCBuildConfiguration;
			buildSettings = {
				ALWAYS_SEARCH_USER_PATHS = NO;
				CLANG_CXX_LANGUAGE_STANDARD = "gnu++0x";
				CLANG_CXX_LIBRARY = "libc++";
				CLANG_ENABLE_MODULES = YES;
				CLANG_ENABLE_OBJC_ARC = YES;
				CLANG_WARN_BOOL_CONVERSION = YES;
				CLANG_WARN_CONSTANT_CONVERSION = YES;
				CLANG_WARN_DIRECT_OBJC_ISA_USAGE = YES_ERROR;
				CLANG_WARN_EMPTY_BODY = YES;
				CLANG_WARN_ENUM_CONVERSION = YES;
				CLANG_WARN_INT_CONVERSION = YES;
				CLANG_WARN_OBJC_ROOT_CLASS = YES_ERROR;
				CLANG_WARN_UNREACHABLE_CODE = YES;
				CLANG_WARN__DUPLICATE_METHOD_MATCH = YES;
				"CODE_SIGN_IDENTITY[sdk=iphoneos*]" = "iPhone Developer";
				COPY_PHASE_STRIP = YES;
				ENABLE_NS_ASSERTIONS = NO;
				ENABLE_STRICT_OBJC_MSGSEND = YES;
				GCC_C_LANGUAGE_STANDARD = gnu99;
				GCC_WARN_64_TO_32_BIT_CONVERSION = YES;
				GCC_WARN_ABOUT_RETURN_TYPE = YES_ERROR;
				GCC_WARN_UNDECLARED_SELECTOR = YES;
				GCC_WARN_UNINITIALIZED_AUTOS = YES_AGGRESSIVE;
				GCC_WARN_UNUSED_FUNCTION = YES;
				GCC_WARN_UNUSED_VARIABLE = YES;
				IPHONEOS_DEPLOYMENT_TARGET = 8.1;
				MTL_ENABLE_DEBUG_INFO = NO;
				SDKROOT = iphoneos;
				TARGETED_DEVICE_FAMILY = "1,2";
				VALIDATE_PRODUCT = YES;
			};
			name = Release;
		};
		6356CB1D1A7F7A4900A0AE6E /* Debug */ = {
			isa = XCBuildConfiguration;
			baseConfigurationReference = CA894D0ABFA71BD53BEEC668 /* Pods.debug.xcconfig */;
			buildSettings = {
				ASSETCATALOG_COMPILER_APPICON_NAME = AppIcon;
				ASSETCATALOG_COMPILER_LAUNCHIMAGE_NAME = LaunchImage;
				INFOPLIST_FILE = MedalConcierge/Info.plist;
				LD_RUNPATH_SEARCH_PATHS = "$(inherited) @executable_path/Frameworks";
				PRODUCT_NAME = MedalConcierge;
				SWIFT_OBJC_BRIDGING_HEADER = "$(SRCROOT)/$(PROJECT)/MedalConcierge-Bridging-Header.h";
			};
			name = Debug;
		};
		6356CB1E1A7F7A4900A0AE6E /* Release */ = {
			isa = XCBuildConfiguration;
			baseConfigurationReference = E04DFC224FED1CCB80020B05 /* Pods.release.xcconfig */;
			buildSettings = {
				ASSETCATALOG_COMPILER_APPICON_NAME = AppIcon;
				ASSETCATALOG_COMPILER_LAUNCHIMAGE_NAME = LaunchImage;
				INFOPLIST_FILE = MedalConcierge/Info.plist;
				LD_RUNPATH_SEARCH_PATHS = "$(inherited) @executable_path/Frameworks";
				PRODUCT_NAME = MedalConcierge;
				SWIFT_OBJC_BRIDGING_HEADER = "$(SRCROOT)/$(PROJECT)/MedalConcierge-Bridging-Header.h";
			};
			name = Release;
		};
		6356CB201A7F7A4900A0AE6E /* Debug */ = {
			isa = XCBuildConfiguration;
			baseConfigurationReference = CA894D0ABFA71BD53BEEC668 /* Pods.debug.xcconfig */;
			buildSettings = {
				BUNDLE_LOADER = "$(TEST_HOST)";
				FRAMEWORK_SEARCH_PATHS = (
					"$(SDKROOT)/Developer/Library/Frameworks",
					"$(inherited)",
				);
				GCC_PREPROCESSOR_DEFINITIONS = (
					"DEBUG=1",
					"$(inherited)",
				);
				INFOPLIST_FILE = MedalConciergeTests/Info.plist;
				LD_RUNPATH_SEARCH_PATHS = "$(inherited) @executable_path/Frameworks @loader_path/Frameworks";
				PRODUCT_NAME = MedalConciergeTests;
				TEST_HOST = "$(BUILT_PRODUCTS_DIR)/MedalConcierge.app/MedalConcierge";
			};
			name = Debug;
		};
		6356CB211A7F7A4900A0AE6E /* Release */ = {
			isa = XCBuildConfiguration;
			baseConfigurationReference = E04DFC224FED1CCB80020B05 /* Pods.release.xcconfig */;
			buildSettings = {
				BUNDLE_LOADER = "$(TEST_HOST)";
				FRAMEWORK_SEARCH_PATHS = (
					"$(SDKROOT)/Developer/Library/Frameworks",
					"$(inherited)",
				);
				INFOPLIST_FILE = MedalConciergeTests/Info.plist;
				LD_RUNPATH_SEARCH_PATHS = "$(inherited) @executable_path/Frameworks @loader_path/Frameworks";
				PRODUCT_NAME = MedalConciergeTests;
				TEST_HOST = "$(BUILT_PRODUCTS_DIR)/MedalConcierge.app/MedalConcierge";
			};
			name = Release;
		};
/* End XCBuildConfiguration section */

/* Begin XCConfigurationList section */
		6356CAF41A7F7A4800A0AE6E /* Build configuration list for PBXProject "MedalConcierge" */ = {
			isa = XCConfigurationList;
			buildConfigurations = (
				6356CB1A1A7F7A4900A0AE6E /* Debug */,
				6356CB1B1A7F7A4900A0AE6E /* Release */,
			);
			defaultConfigurationIsVisible = 0;
			defaultConfigurationName = Release;
		};
		6356CB1C1A7F7A4900A0AE6E /* Build configuration list for PBXNativeTarget "MedalConcierge" */ = {
			isa = XCConfigurationList;
			buildConfigurations = (
				6356CB1D1A7F7A4900A0AE6E /* Debug */,
				6356CB1E1A7F7A4900A0AE6E /* Release */,
			);
			defaultConfigurationIsVisible = 0;
			defaultConfigurationName = Release;
		};
		6356CB1F1A7F7A4900A0AE6E /* Build configuration list for PBXNativeTarget "MedalConciergeTests" */ = {
			isa = XCConfigurationList;
			buildConfigurations = (
				6356CB201A7F7A4900A0AE6E /* Debug */,
				6356CB211A7F7A4900A0AE6E /* Release */,
			);
			defaultConfigurationIsVisible = 0;
			defaultConfigurationName = Release;
		};
/* End XCConfigurationList section */
	};
	rootObject = 6356CAF11A7F7A4800A0AE6E /* Project object */;
}
